
Microsoft Visual Studio Solution File, Format Version 12.00
# Visual Studio Version 17
VisualStudioVersion = 17.3.32929.385
MinimumVisualStudioVersion = 10.0.40219.1
Project("{FAE04EC0-301F-11D3-BF4B-00C04F79EFBC}") = "testShape", "testShape\testShape.csproj", "{D6956AB4-F3AA-471B-B95C-43AA67DDC162}"
EndProject
Global
	GlobalSection(SolutionConfigurationPlatforms) = preSolution
		Debug|Any CPU = Debug|Any CPU
		Release|Any CPU = Release|Any CPU
	EndGlobalSection
	GlobalSection(ProjectConfigurationPlatforms) = postSolution
		{D6956AB4-F3AA-471B-B95C-43AA67DDC162}.Debug|Any CPU.ActiveCfg = Debug|Any CPU
		{D6956AB4-F3AA-471B-B95C-43AA67DDC162}.Debug|Any CPU.Build.0 = Debug|Any CPU
		{D6956AB4-F3AA-471B-B95C-43AA67DDC162}.Release|Any CPU.ActiveCfg = Release|Any CPU
		{D6956AB4-F3AA-471B-B95C-43AA67DDC162}.Release|Any CPU.Build.0 = Release|Any CPU
	EndGlobalSection
	GlobalSection(SolutionProperties) = preSolution
		HideSolutionNode = FALSE
	EndGlobalSection
	GlobalSection(ExtensibilityGlobals) = postSolution
		SolutionGuid = {40A7C8B4-486E-41A5-A282-7682D0FE841D}
	EndGlobalSection
EndGlobal
